
Microsoft Visual Studio Solution File, Format Version 12.00
# Visual Studio Version 16
VisualStudioVersion = 16.0.31624.102
MinimumVisualStudioVersion = 10.0.40219.1
Project("{FAE04EC0-301F-11D3-BF4B-00C04F79EFBC}") = "Guia4_DSE", "Guia4_DSE\Guia4_DSE.csproj", "{3CE7B849-2538-4DD8-A2AA-CD9CF619FB71}"
EndProject
Global
	GlobalSection(SolutionConfigurationPlatforms) = preSolution
		Debug|Any CPU = Debug|Any CPU
		Release|Any CPU = Release|Any CPU
	EndGlobalSection
	GlobalSection(ProjectConfigurationPlatforms) = postSolution
		{3CE7B849-2538-4DD8-A2AA-CD9CF619FB71}.Debug|Any CPU.ActiveCfg = Debug|Any CPU
		{3CE7B849-2538-4DD8-A2AA-CD9CF619FB71}.Debug|Any CPU.Build.0 = Debug|Any CPU
		{3CE7B849-2538-4DD8-A2AA-CD9CF619FB71}.Release|Any CPU.ActiveCfg = Release|Any CPU
		{3CE7B849-2538-4DD8-A2AA-CD9CF619FB71}.Release|Any CPU.Build.0 = Release|Any CPU
	EndGlobalSection
	GlobalSection(SolutionProperties) = preSolution
		HideSolutionNode = FALSE
	EndGlobalSection
	GlobalSection(ExtensibilityGlobals) = postSolution
		SolutionGuid = {90741BC2-10E7-4346-9B3A-5B8FFE54E5B2}
	EndGlobalSection
EndGlobal
