
Microsoft Visual Studio Solution File, Format Version 12.00
# Visual Studio Version 16
VisualStudioVersion = 16.0.31624.102
MinimumVisualStudioVersion = 10.0.40219.1
Project("{FAE04EC0-301F-11D3-BF4B-00C04F79EFBC}") = "Parcialito", "Parcialito\Parcialito.csproj", "{EB353741-B8CC-40BB-8526-69F2F9A83DD7}"
EndProject
Project("{FAE04EC0-301F-11D3-BF4B-00C04F79EFBC}") = "Parcialito.Tests", "Parcialito.Tests\Parcialito.Tests.csproj", "{C2AFB53E-7BD1-4F34-AF05-B8C003771CCB}"
EndProject
Global
	GlobalSection(SolutionConfigurationPlatforms) = preSolution
		Debug|Any CPU = Debug|Any CPU
		Release|Any CPU = Release|Any CPU
	EndGlobalSection
	GlobalSection(ProjectConfigurationPlatforms) = postSolution
		{EB353741-B8CC-40BB-8526-69F2F9A83DD7}.Debug|Any CPU.ActiveCfg = Debug|Any CPU
		{EB353741-B8CC-40BB-8526-69F2F9A83DD7}.Debug|Any CPU.Build.0 = Debug|Any CPU
		{EB353741-B8CC-40BB-8526-69F2F9A83DD7}.Release|Any CPU.ActiveCfg = Release|Any CPU
		{EB353741-B8CC-40BB-8526-69F2F9A83DD7}.Release|Any CPU.Build.0 = Release|Any CPU
		{C2AFB53E-7BD1-4F34-AF05-B8C003771CCB}.Debug|Any CPU.ActiveCfg = Debug|Any CPU
		{C2AFB53E-7BD1-4F34-AF05-B8C003771CCB}.Debug|Any CPU.Build.0 = Debug|Any CPU
		{C2AFB53E-7BD1-4F34-AF05-B8C003771CCB}.Release|Any CPU.ActiveCfg = Release|Any CPU
		{C2AFB53E-7BD1-4F34-AF05-B8C003771CCB}.Release|Any CPU.Build.0 = Release|Any CPU
	EndGlobalSection
	GlobalSection(SolutionProperties) = preSolution
		HideSolutionNode = FALSE
	EndGlobalSection
	GlobalSection(ExtensibilityGlobals) = postSolution
		SolutionGuid = {39E7C186-A1BF-4A52-84F2-48505052DDC1}
	EndGlobalSection
EndGlobal
